<Solution>
  <Project Path="ADOPZ.BusinessLogic/ADOPZ.BusinessLogic.csproj" />
  <Project Path="ADOPZ.DataAccess/ADOPZ.DataAccess.csproj" />
  <Project Path="ADOPZ.Entities/ADOPZ.Entities.csproj" />
  <Project Path="BoutiqueModa.WebApplication/ADOPZ.WebApplication.csproj" Id="76e92407-082b-448e-b12b-00fe6579f475" />
</Solution>
